// !$*UTF8*$!
{
	archiveVersion = 1;
	classes = {
	};
	objectVersion = 50;
	objects = {

/* Begin PBXBuildFile section */
		3AEB788726670F4E0017159D /* AppDelegate.swift in Sources */ = {isa = PBXBuildFile; fileRef = 3AEB788626670F4E0017159D /* AppDelegate.swift */; };
		3AEB788926670F4E0017159D /* SceneDelegate.swift in Sources */ = {isa = PBXBuildFile; fileRef = 3AEB788826670F4E0017159D /* SceneDelegate.swift */; };
		3AEB788B26670F4E0017159D /* ViewController.swift in Sources */ = {isa = PBXBuildFile; fileRef = 3AEB788A26670F4E0017159D /* ViewController.swift */; };
		3AEB788E26670F4E0017159D /* Main.storyboard in Resources */ = {isa = PBXBuildFile; fileRef = 3AEB788C26670F4E0017159D /* Main.storyboard */; };
		3AEB789026670F4E0017159D /* Assets.xcassets in Resources */ = {isa = PBXBuildFile; fileRef = 3AEB788F26670F4E0017159D /* Assets.xcassets */; };
		3AEB789326670F4E0017159D /* LaunchScreen.storyboard in Resources */ = {isa = PBXBuildFile; fileRef = 3AEB789126670F4E0017159D /* LaunchScreen.storyboard */; };
		7A73F32E0D73FE3CF289F36A /* Pods_ReactorKit_Login_Sample.framework in Frameworks */ = {isa = PBXBuildFile; fileRef = 2F67664905BAEB9F1D2AFA52 /* Pods_ReactorKit_Login_Sample.framework */; };
/* End PBXBuildFile section */

/* Begin PBXFileReference section */
		2F67664905BAEB9F1D2AFA52 /* Pods_ReactorKit_Login_Sample.framework */ = {isa = PBXFileReference; explicitFileType = wrapper.framework; includeInIndex = 0; path = Pods_ReactorKit_Login_Sample.framework; sourceTree = BUILT_PRODUCTS_DIR; };
		3AEB788326670F4E0017159D /* ReactorKit-Login-Sample.app */ = {isa = PBXFileReference; explicitFileType = wrapper.application; includeInIndex = 0; path = "ReactorKit-Login-Sample.app"; sourceTree = BUILT_PRODUCTS_DIR; };
		3AEB788626670F4E0017159D /* AppDelegate.swift */ = {isa = PBXFileReference; lastKnownFileType = sourcecode.swift; path = AppDelegate.swift; sourceTree = "<group>"; };
		3AEB788826670F4E0017159D /* SceneDelegate.swift */ = {isa = PBXFileReference; lastKnownFileType = sourcecode.swift; path = SceneDelegate.swift; sourceTree = "<group>"; };
		3AEB788A26670F4E0017159D /* ViewController.swift */ = {isa = PBXFileReference; lastKnownFileType = sourcecode.swift; path = ViewController.swift; sourceTree = "<group>"; };
		3AEB788D26670F4E0017159D /* Base */ = {isa = PBXFileReference; lastKnownFileType = file.storyboard; name = Base; path = Base.lproj/Main.storyboard; sourceTree = "<group>"; };
		3AEB788F26670F4E0017159D /* Assets.xcassets */ = {isa = PBXFileReference; lastKnownFileType = folder.assetcatalog; path = Assets.xcassets; sourceTree = "<group>"; };
		3AEB789226670F4E0017159D /* Base */ = {isa = PBXFileReference; lastKnownFileType = file.storyboard; name = Base; path = Base.lproj/LaunchScreen.storyboard; sourceTree = "<group>"; };
		3AEB789426670F4E0017159D /* Info.plist */ = {isa = PBXFileReference; lastKnownFileType = text.plist.xml; path = Info.plist; sourceTree = "<group>"; };
		50AAAD8FFB779A24DE82AA6E /* Pods-ReactorKit-Login-Sample.debug.xcconfig */ = {isa = PBXFileReference; includeInIndex = 1; lastKnownFileType = text.xcconfig; name = "Pods-ReactorKit-Login-Sample.debug.xcconfig"; path = "Target Support Files/Pods-ReactorKit-Login-Sample/Pods-ReactorKit-Login-Sample.debug.xcconfig"; sourceTree = "<group>"; };
		92027E9B02E51FE534AE3C77 /* Pods-ReactorKit-Login-Sample.release.xcconfig */ = {isa = PBXFileReference; includeInIndex = 1; lastKnownFileType = text.xcconfig; name = "Pods-ReactorKit-Login-Sample.release.xcconfig"; path = "Target Support Files/Pods-ReactorKit-Login-Sample/Pods-ReactorKit-Login-Sample.release.xcconfig"; sourceTree = "<group>"; };
/* End PBXFileReference section */

/* Begin PBXFrameworksBuildPhase section */
		3AEB788026670F4E0017159D /* Frameworks */ = {
			isa = PBXFrameworksBuildPhase;
			buildActionMask = 2147483647;
			files = (
				7A73F32E0D73FE3CF289F36A /* Pods_ReactorKit_Login_Sample.framework in Frameworks */,
			);
			runOnlyForDeploymentPostprocessing = 0;
		};
/* End PBXFrameworksBuildPhase section */

/* Begin PBXGroup section */
		2FD717D83B0B92EBF5020C21 /* Pods */ = {
			isa = PBXGroup;
			children = (
				50AAAD8FFB779A24DE82AA6E /* Pods-ReactorKit-Login-Sample.debug.xcconfig */,
				92027E9B02E51FE534AE3C77 /* Pods-ReactorKit-Login-Sample.release.xcconfig */,
			);
			name = Pods;
			path = Pods;
			sourceTree = "<group>";
		};
		3AEB787A26670F4D0017159D = {
			isa = PBXGroup;
			children = (
				3AEB788526670F4E0017159D /* ReactorKit-Login-Sample */,
				3AEB788426670F4E0017159D /* Products */,
				2FD717D83B0B92EBF5020C21 /* Pods */,
				4AF71F30902C419DE1B755F8 /* Frameworks */,
			);
			sourceTree = "<group>";
		};
		3AEB788426670F4E0017159D /* Products */ = {
			isa = PBXGroup;
			children = (
				3AEB788326670F4E0017159D /* ReactorKit-Login-Sample.app */,
			);
			name = Products;
			sourceTree = "<group>";
		};
		3AEB788526670F4E0017159D /* ReactorKit-Login-Sample */ = {
			isa = PBXGroup;
			children = (
				3AEB788626670F4E0017159D /* AppDelegate.swift */,
				3AEB788826670F4E0017159D /* SceneDelegate.swift */,
				3AEB788A26670F4E0017159D /* ViewController.swift */,
				3AEB788C26670F4E0017159D /* Main.storyboard */,
				3AEB788F26670F4E0017159D /* Assets.xcassets */,
				3AEB789126670F4E0017159D /* LaunchScreen.storyboard */,
				3AEB789426670F4E0017159D /* Info.plist */,
			);
			path = "ReactorKit-Login-Sample";
			sourceTree = "<group>";
		};
		4AF71F30902C419DE1B755F8 /* Frameworks */ = {
			isa = PBXGroup;
			children = (
				2F67664905BAEB9F1D2AFA52 /* Pods_ReactorKit_Login_Sample.framework */,
			);
			name = Frameworks;
			sourceTree = "<group>";
		};
/* End PBXGroup section */

/* Begin PBXNativeTarget section */
		3AEB788226670F4E0017159D /* ReactorKit-Login-Sample */ = {
			isa = PBXNativeTarget;
			buildConfigurationList = 3AEB789726670F4E0017159D /* Build configuration list for PBXNativeTarget "ReactorKit-Login-Sample" */;
			buildPhases = (
				8133CC8A4A70DD55AA0E716E /* [CP] Check Pods Manifest.lock */,
				3AEB787F26670F4E0017159D /* Sources */,
				3AEB788026670F4E0017159D /* Frameworks */,
				3AEB788126670F4E0017159D /* Resources */,
				457CE04156D3F0C74F9E5D55 /* [CP] Embed Pods Frameworks */,
			);
			buildRules = (
			);
			dependencies = (
			);
			name = "ReactorKit-Login-Sample";
			productName = "ReactorKit-Login-Sample";
			productReference = 3AEB788326670F4E0017159D /* ReactorKit-Login-Sample.app */;
			productType = "com.apple.product-type.application";
		};
/* End PBXNativeTarget section */

/* Begin PBXProject section */
		3AEB787B26670F4D0017159D /* Project object */ = {
			isa = PBXProject;
			attributes = {
				LastSwiftUpdateCheck = 1250;
				LastUpgradeCheck = 1250;
				TargetAttributes = {
					3AEB788226670F4E0017159D = {
						CreatedOnToolsVersion = 12.5;
					};
				};
			};
			buildConfigurationList = 3AEB787E26670F4D0017159D /* Build configuration list for PBXProject "ReactorKit-Login-Sample" */;
			compatibilityVersion = "Xcode 9.3";
			developmentRegion = en;
			hasScannedForEncodings = 0;
			knownRegions = (
				en,
				Base,
			);
			mainGroup = 3AEB787A26670F4D0017159D;
			productRefGroup = 3AEB788426670F4E0017159D /* Products */;
			projectDirPath = "";
			projectRoot = "";
			targets = (
				3AEB788226670F4E0017159D /* ReactorKit-Login-Sample */,
			);
		};
/* End PBXProject section */

/* Begin PBXResourcesBuildPhase section */
		3AEB788126670F4E0017159D /* Resources */ = {
			isa = PBXResourcesBuildPhase;
			buildActionMask = 2147483647;
			files = (
				3AEB789326670F4E0017159D /* LaunchScreen.storyboard in Resources */,
				3AEB789026670F4E0017159D /* Assets.xcassets in Resources */,
				3AEB788E26670F4E0017159D /* Main.storyboard in Resources */,
			);
			runOnlyForDeploymentPostprocessing = 0;
		};
/* End PBXResourcesBuildPhase section */

/* Begin PBXShellScriptBuildPhase section */
		457CE04156D3F0C74F9E5D55 /* [CP] Embed Pods Frameworks */ = {
			isa = PBXShellScriptBuildPhase;
			buildActionMask = 2147483647;
			files = (
			);
			inputFileListPaths = (
				"${PODS_ROOT}/Target Support Files/Pods-ReactorKit-Login-Sample/Pods-ReactorKit-Login-Sample-frameworks-${CONFIGURATION}-input-files.xcfilelist",
			);
			name = "[CP] Embed Pods Frameworks";
			outputFileListPaths = (
				"${PODS_ROOT}/Target Support Files/Pods-ReactorKit-Login-Sample/Pods-ReactorKit-Login-Sample-frameworks-${CONFIGURATION}-output-files.xcfilelist",
			);
			runOnlyForDeploymentPostprocessing = 0;
			shellPath = /bin/sh;
			shellScript = "\"${PODS_ROOT}/Target Support Files/Pods-ReactorKit-Login-Sample/Pods-ReactorKit-Login-Sample-frameworks.sh\"\n";
			showEnvVarsInLog = 0;
		};
		8133CC8A4A70DD55AA0E716E /* [CP] Check Pods Manifest.lock */ = {
			isa = PBXShellScriptBuildPhase;
			buildActionMask = 2147483647;
			files = (
			);
			inputFileListPaths = (
			);
			inputPaths = (
				"${PODS_PODFILE_DIR_PATH}/Podfile.lock",
				"${PODS_ROOT}/Manifest.lock",
			);
			name = "[CP] Check Pods Manifest.lock";
			outputFileListPaths = (
			);
			outputPaths = (
				"$(DERIVED_FILE_DIR)/Pods-ReactorKit-Login-Sample-checkManifestLockResult.txt",
			);
			runOnlyForDeploymentPostprocessing = 0;
			shellPath = /bin/sh;
			shellScript = "diff \"${PODS_PODFILE_DIR_PATH}/Podfile.lock\" \"${PODS_ROOT}/Manifest.lock\" > /dev/null\nif [ $? != 0 ] ; then\n    # print error to STDERR\n    echo \"error: The sandbox is not in sync with the Podfile.lock. Run 'pod install' or update your CocoaPods installation.\" >&2\n    exit 1\nfi\n# This output is used by Xcode 'outputs' to avoid re-running this script phase.\necho \"SUCCESS\" > \"${SCRIPT_OUTPUT_FILE_0}\"\n";
			showEnvVarsInLog = 0;
		};
/* End PBXShellScriptBuildPhase section */

/* Begin PBXSourcesBuildPhase section */
		3AEB787F26670F4E0017159D /* Sources */ = {
			isa = PBXSourcesBuildPhase;
			buildActionMask = 2147483647;
			files = (
				3AEB788B26670F4E0017159D /* ViewController.swift in Sources */,
				3AEB788726670F4E0017159D /* AppDelegate.swift in Sources */,
				3AEB788926670F4E0017159D /* SceneDelegate.swift in Sources */,
			);
			runOnlyForDeploymentPostprocessing = 0;
		};
/* End PBXSourcesBuildPhase section */

/* Begin PBXVariantGroup section */
		3AEB788C26670F4E0017159D /* Main.storyboard */ = {
			isa = PBXVariantGroup;
			children = (
				3AEB788D26670F4E0017159D /* Base */,
			);
			name = Main.storyboard;
			sourceTree = "<group>";
		};
		3AEB789126670F4E0017159D /* LaunchScreen.storyboard */ = {
			isa = PBXVariantGroup;
			children = (
				3AEB789226670F4E0017159D /* Base */,
			);
			name = LaunchScreen.storyboard;
			sourceTree = "<group>";
		};
/* End PBXVariantGroup section */

/* Begin XCBuildConfiguration section */
		3AEB789526670F4E0017159D /* Debug */ = {
			isa = XCBuildConfiguration;
			buildSettings = {
				ALWAYS_SEARCH_USER_PATHS = NO;
				CLANG_ANALYZER_NONNULL = YES;
				CLANG_ANALYZER_NUMBER_OBJECT_CONVERSION = YES_AGGRESSIVE;
				CLANG_CXX_LANGUAGE_STANDARD = "gnu++14";
				CLANG_CXX_LIBRARY = "libc++";
				CLANG_ENABLE_MODULES = YES;
				CLANG_ENABLE_OBJC_ARC = YES;
				CLANG_ENABLE_OBJC_WEAK = YES;
				CLANG_WARN_BLOCK_CAPTURE_AUTORELEASING = YES;
				CLANG_WARN_BOOL_CONVERSION = YES;
				CLANG_WARN_COMMA = YES;
				CLANG_WARN_CONSTANT_CONVERSION = YES;
				CLANG_WARN_DEPRECATED_OBJC_IMPLEMENTATIONS = YES;
				CLANG_WARN_DIRECT_OBJC_ISA_USAGE = YES_ERROR;
				CLANG_WARN_DOCUMENTATION_COMMENTS = YES;
				CLANG_WARN_EMPTY_BODY = YES;
				CLANG_WARN_ENUM_CONVERSION = YES;
				CLANG_WARN_INFINITE_RECURSION = YES;
				CLANG_WARN_INT_CONVERSION = YES;
				CLANG_WARN_NON_LITERAL_NULL_CONVERSION = YES;
				CLANG_WARN_OBJC_IMPLICIT_RETAIN_SELF = YES;
				CLANG_WARN_OBJC_LITERAL_CONVERSION = YES;
				CLANG_WARN_OBJC_ROOT_CLASS = YES_ERROR;
				CLANG_WARN_QUOTED_INCLUDE_IN_FRAMEWORK_HEADER = YES;
				CLANG_WARN_RANGE_LOOP_ANALYSIS = YES;
				CLANG_WARN_STRICT_PROTOTYPES = YES;
				CLANG_WARN_SUSPICIOUS_MOVE = YES;
				CLANG_WARN_UNGUARDED_AVAILABILITY = YES_AGGRESSIVE;
				CLANG_WARN_UNREACHABLE_CODE = YES;
				CLANG_WARN__DUPLICATE_METHOD_MATCH = YES;
				COPY_PHASE_STRIP = NO;
				DEBUG_INFORMATION_FORMAT = dwarf;
				ENABLE_STRICT_OBJC_MSGSEND = YES;
				ENABLE_TESTABILITY = YES;
				GCC_C_LANGUAGE_STANDARD = gnu11;
				GCC_DYNAMIC_NO_PIC = NO;
				GCC_NO_COMMON_BLOCKS = YES;
				GCC_OPTIMIZATION_LEVEL = 0;
				GCC_PREPROCESSOR_DEFINITIONS = (
					"DEBUG=1",
					"$(inherited)",
				);
				GCC_WARN_64_TO_32_BIT_CONVERSION = YES;
				GCC_WARN_ABOUT_RETURN_TYPE = YES_ERROR;
				GCC_WARN_UNDECLARED_SELECTOR = YES;
				GCC_WARN_UNINITIALIZED_AUTOS = YES_AGGRESSIVE;
				GCC_WARN_UNUSED_FUNCTION = YES;
				GCC_WARN_UNUSED_VARIABLE = YES;
				IPHONEOS_DEPLOYMENT_TARGET = 14.5;
				MTL_ENABLE_DEBUG_INFO = INCLUDE_SOURCE;
				MTL_FAST_MATH = YES;
				ONLY_ACTIVE_ARCH = YES;
				SDKROOT = iphoneos;
				SWIFT_ACTIVE_COMPILATION_CONDITIONS = DEBUG;
				SWIFT_OPTIMIZATION_LEVEL = "-Onone";
			};
			name = Debug;
		};
		3AEB789626670F4E0017159D /* Release */ = {
			isa = XCBuildConfiguration;
			buildSettings = {
				ALWAYS_SEARCH_USER_PATHS = NO;
				CLANG_ANALYZER_NONNULL = YES;
				CLANG_ANALYZER_NUMBER_OBJECT_CONVERSION = YES_AGGRESSIVE;
				CLANG_CXX_LANGUAGE_STANDARD = "gnu++14";
				CLANG_CXX_LIBRARY = "libc++";
				CLANG_ENABLE_MODULES = YES;
				CLANG_ENABLE_OBJC_ARC = YES;
				CLANG_ENABLE_OBJC_WEAK = YES;
				CLANG_WARN_BLOCK_CAPTURE_AUTORELEASING = YES;
				CLANG_WARN_BOOL_CONVERSION = YES;
				CLANG_WARN_COMMA = YES;
				CLANG_WARN_CONSTANT_CONVERSION = YES;
				CLANG_WARN_DEPRECATED_OBJC_IMPLEMENTATIONS = YES;
				CLANG_WARN_DIRECT_OBJC_ISA_USAGE = YES_ERROR;
				CLANG_WARN_DOCUMENTATION_COMMENTS = YES;
				CLANG_WARN_EMPTY_BODY = YES;
				CLANG_WARN_ENUM_CONVERSION = YES;
				CLANG_WARN_INFINITE_RECURSION = YES;
				CLANG_WARN_INT_CONVERSION = YES;
				CLANG_WARN_NON_LITERAL_NULL_CONVERSION = YES;
				CLANG_WARN_OBJC_IMPLICIT_RETAIN_SELF = YES;
				CLANG_WARN_OBJC_LITERAL_CONVERSION = YES;
				CLANG_WARN_OBJC_ROOT_CLASS = YES_ERROR;
				CLANG_WARN_QUOTED_INCLUDE_IN_FRAMEWORK_HEADER = YES;
				CLANG_WARN_RANGE_LOOP_ANALYSIS = YES;
				CLANG_WARN_STRICT_PROTOTYPES = YES;
				CLANG_WARN_SUSPICIOUS_MOVE = YES;
				CLANG_WARN_UNGUARDED_AVAILABILITY = YES_AGGRESSIVE;
				CLANG_WARN_UNREACHABLE_CODE = YES;
				CLANG_WARN__DUPLICATE_METHOD_MATCH = YES;
				COPY_PHASE_STRIP = NO;
				DEBUG_INFORMATION_FORMAT = "dwarf-with-dsym";
				ENABLE_NS_ASSERTIONS = NO;
				ENABLE_STRICT_OBJC_MSGSEND = YES;
				GCC_C_LANGUAGE_STANDARD = gnu11;
				GCC_NO_COMMON_BLOCKS = YES;
				GCC_WARN_64_TO_32_BIT_CONVERSION = YES;
				GCC_WARN_ABOUT_RETURN_TYPE = YES_ERROR;
				GCC_WARN_UNDECLARED_SELECTOR = YES;
				GCC_WARN_UNINITIALIZED_AUTOS = YES_AGGRESSIVE;
				GCC_WARN_UNUSED_FUNCTION = YES;
				GCC_WARN_UNUSED_VARIABLE = YES;
				IPHONEOS_DEPLOYMENT_TARGET = 14.5;
				MTL_ENABLE_DEBUG_INFO = NO;
				MTL_FAST_MATH = YES;
				SDKROOT = iphoneos;
				SWIFT_COMPILATION_MODE = wholemodule;
				SWIFT_OPTIMIZATION_LEVEL = "-O";
				VALIDATE_PRODUCT = YES;
			};
			name = Release;
		};
		3AEB789826670F4E0017159D /* Debug */ = {
			isa = XCBuildConfiguration;
			baseConfigurationReference = 50AAAD8FFB779A24DE82AA6E /* Pods-ReactorKit-Login-Sample.debug.xcconfig */;
			buildSettings = {
				ASSETCATALOG_COMPILER_APPICON_NAME = AppIcon;
				ASSETCATALOG_COMPILER_GLOBAL_ACCENT_COLOR_NAME = AccentColor;
				CODE_SIGN_STYLE = Automatic;
				DEVELOPMENT_TEAM = M4K7GTWCV2;
				INFOPLIST_FILE = "ReactorKit-Login-Sample/Info.plist";
				LD_RUNPATH_SEARCH_PATHS = (
					"$(inherited)",
					"@executable_path/Frameworks",
				);
				PRODUCT_BUNDLE_IDENTIFIER = "jbK.ReactorKit-Login-Sample";
				PRODUCT_NAME = "$(TARGET_NAME)";
				SWIFT_VERSION = 5.0;
				TARGETED_DEVICE_FAMILY = "1,2";
			};
			name = Debug;
		};
		3AEB789926670F4E0017159D /* Release */ = {
			isa = XCBuildConfiguration;
			baseConfigurationReference = 92027E9B02E51FE534AE3C77 /* Pods-ReactorKit-Login-Sample.release.xcconfig */;
			buildSettings = {
				ASSETCATALOG_COMPILER_APPICON_NAME = AppIcon;
				ASSETCATALOG_COMPILER_GLOBAL_ACCENT_COLOR_NAME = AccentColor;
				CODE_SIGN_STYLE = Automatic;
				DEVELOPMENT_TEAM = M4K7GTWCV2;
				INFOPLIST_FILE = "ReactorKit-Login-Sample/Info.plist";
				LD_RUNPATH_SEARCH_PATHS = (
					"$(inherited)",
					"@executable_path/Frameworks",
				);
				PRODUCT_BUNDLE_IDENTIFIER = "jbK.ReactorKit-Login-Sample";
				PRODUCT_NAME = "$(TARGET_NAME)";
				SWIFT_VERSION = 5.0;
				TARGETED_DEVICE_FAMILY = "1,2";
			};
			name = Release;
		};
/* End XCBuildConfiguration section */

/* Begin XCConfigurationList section */
		3AEB787E26670F4D0017159D /* Build configuration list for PBXProject "ReactorKit-Login-Sample" */ = {
			isa = XCConfigurationList;
			buildConfigurations = (
				3AEB789526670F4E0017159D /* Debug */,
				3AEB789626670F4E0017159D /* Release */,
			);
			defaultConfigurationIsVisible = 0;
			defaultConfigurationName = Release;
		};
		3AEB789726670F4E0017159D /* Build configuration list for PBXNativeTarget "ReactorKit-Login-Sample" */ = {
			isa = XCConfigurationList;
			buildConfigurations = (
				3AEB789826670F4E0017159D /* Debug */,
				3AEB789926670F4E0017159D /* Release */,
			);
			defaultConfigurationIsVisible = 0;
			defaultConfigurationName = Release;
		};
/* End XCConfigurationList section */
	};
	rootObject = 3AEB787B26670F4D0017159D /* Project object */;
}
